<?xml version="1.0" encoding="utf-8"?>
<Project ToolsVersion="18.0" xmlns="http://schemas.microsoft.com/developer/msbuild/2003">
  <ItemGroup>
    <ClCompile Include="E:\Code\se-metrics-platform\backend\src\app\main.cpp">
      <Filter>Source Files</Filter>
    </ClCompile>
    <ClCompile Include="E:\Code\se-metrics-platform\backend\src\api\routes.cpp">
      <Filter>Source Files</Filter>
    </ClCompile>
    <ClCompile Include="E:\Code\se-metrics-platform\backend\src\api\routes_delete.cpp">
      <Filter>Source Files</Filter>
    </ClCompile>
    <ClCompile Include="E:\Code\se-metrics-platform\backend\src\api\routes_get.cpp">
      <Filter>Source Files</Filter>
    </ClCompile>
    <ClCompile Include="E:\Code\se-metrics-platform\backend\src\api\routes_post.cpp">
      <Filter>Source Files</Filter>
    </ClCompile>
    <ClCompile Include="E:\Code\se-metrics-platform\backend\src\api\routes_put.cpp">
      <Filter>Source Files</Filter>
    </ClCompile>
    <ClCompile Include="E:\Code\se-metrics-platform\backend\src\common\util.cpp">
      <Filter>Source Files</Filter>
    </ClCompile>
    <ClCompile Include="E:\Code\se-metrics-platform\backend\src\db\db.cpp">
      <Filter>Source Files</Filter>
    </ClCompile>
    <ClCompile Include="E:\Code\se-metrics-platform\backend\src\repo_metrics\github_client.cpp">
      <Filter>Source Files</Filter>
    </ClCompile>
  </ItemGroup>
  <ItemGroup>
    <CustomBuild Include="E:\Code\se-metrics-platform\backend\CMakeLists.txt" />
  </ItemGroup>
  <ItemGroup>
    <Natvis Include="E:\Code\se-metrics-platform\vcpkg\installed\x64-windows\share\nlohmann_json\nlohmann_json.natvis" />
  </ItemGroup>
  <ItemGroup>
    <Filter Include="Source Files">
      <UniqueIdentifier>{DB30557E-4784-3A6A-84EA-E0FC386D45E4}</UniqueIdentifier>
    </Filter>
  </ItemGroup>
</Project>
